
Microsoft Visual Studio Solution File, Format Version 12.00
# Visual Studio Version 16
VisualStudioVersion = 16.0.30711.63
MinimumVisualStudioVersion = 10.0.40219.1
Project("{FAE04EC0-301F-11D3-BF4B-00C04F79EFBC}") = "EX-3-LISTA-1-Yohan_Aquino", "EX-3-LISTA-1-Yohan_Aquino\EX-3-LISTA-1-Yohan_Aquino.csproj", "{7391CEB7-3FA7-4FC7-927A-2C2356E88596}"
EndProject
Global
	GlobalSection(SolutionConfigurationPlatforms) = preSolution
		Debug|Any CPU = Debug|Any CPU
		Release|Any CPU = Release|Any CPU
	EndGlobalSection
	GlobalSection(ProjectConfigurationPlatforms) = postSolution
		{7391CEB7-3FA7-4FC7-927A-2C2356E88596}.Debug|Any CPU.ActiveCfg = Debug|Any CPU
		{7391CEB7-3FA7-4FC7-927A-2C2356E88596}.Debug|Any CPU.Build.0 = Debug|Any CPU
		{7391CEB7-3FA7-4FC7-927A-2C2356E88596}.Release|Any CPU.ActiveCfg = Release|Any CPU
		{7391CEB7-3FA7-4FC7-927A-2C2356E88596}.Release|Any CPU.Build.0 = Release|Any CPU
	EndGlobalSection
	GlobalSection(SolutionProperties) = preSolution
		HideSolutionNode = FALSE
	EndGlobalSection
	GlobalSection(ExtensibilityGlobals) = postSolution
		SolutionGuid = {CC83B36D-EB4D-4AC7-9C36-B0E0D6BDB653}
	EndGlobalSection
EndGlobal
